// !$*UTF8*$!
{
	archiveVersion = 1;
	classes = {
	};
	objectVersion = 42;
	objects = {

/* Begin PBXBuildFile section */
		06019575AFE21538DFB6D00C /* QtCore.framework in Frameworks & Libraries */ = {isa = PBXBuildFile; fileRef = 81669B6683FD63306C08CDF1 /* QtCore.framework */; };
		2B093CA6F071B023A473CED0 /* main.cpp in Build Sources */ = {isa = PBXBuildFile; fileRef = 118FCBAABA162BA17933C789 /* main.cpp */; settings = {ATTRIBUTES = (); }; };
		2DA37EB387EAEE2A28B2ECEA /* moc_convertdialog.cpp in Build Sources */ = {isa = PBXBuildFile; fileRef = 408A0885527DDC466C41F10B /* moc_convertdialog.cpp */; settings = {ATTRIBUTES = (); }; };
		51D4DBF7CB8537BE86EBD055 /* AppKit.framework in Frameworks & Libraries */ = {isa = PBXBuildFile; fileRef = 821416211D63F190AAAD016A /* AppKit.framework */; };
		8F83B875C1940FB66A74307D /* convertdialog.cpp in Build Sources */ = {isa = PBXBuildFile; fileRef = 4340A90363EF6A5C8FB4B1C9 /* convertdialog.cpp */; settings = {ATTRIBUTES = (); }; };
		A627787B0EC9BA640021B017 /* seismic-unix.app in Project Copy */ = {isa = PBXBuildFile; fileRef = A62778780EC9BA640021B017 /* seismic-unix.app */; };
		C8FD4A1AAA37CF2CA2824CCF /* Carbon.framework in Frameworks & Libraries */ = {isa = PBXBuildFile; fileRef = DA138F75C9F545CDAE7FB264 /* Carbon.framework */; };
		E2733CF7B9D2723A34C04805 /* QtGui.framework in Frameworks & Libraries */ = {isa = PBXBuildFile; fileRef = 32C60D147BC8B54E50E2521B /* QtGui.framework */; };
		F9E76E570E10AF14870553A7 /* ApplicationServices.framework in Frameworks & Libraries */ = {isa = PBXBuildFile; fileRef = 27AE7A480FD6C52FCA80FECD /* ApplicationServices.framework */; };
/* End PBXBuildFile section */

/* Begin PBXCopyFilesBuildPhase section */
		F6069D5A5DA8AA28EDB8B3C6 /* Project Copy */ = {
			isa = PBXCopyFilesBuildPhase;
			buildActionMask = 2147483647;
			dstPath = "/Users/Naix/Documents/Projects/seismic-unix";
			dstSubfolderSpec = 0;
			files = (
				A627787B0EC9BA640021B017 /* seismic-unix.app in Project Copy */,
			);
			name = "Project Copy";
			runOnlyForDeploymentPostprocessing = 0;
		};
/* End PBXCopyFilesBuildPhase section */

/* Begin PBXFileReference section */
		118FCBAABA162BA17933C789 /* main.cpp */ = {isa = PBXFileReference; lastKnownFileType = sourcecode.cpp.cpp; path = main.cpp; sourceTree = "<group>"; };
		27AE7A480FD6C52FCA80FECD /* ApplicationServices.framework */ = {isa = PBXFileReference; lastKnownFileType = wrapper.framework; name = ApplicationServices.framework; path = /System/Library/Frameworks/ApplicationServices.framework; sourceTree = "<absolute>"; };
		32C60D147BC8B54E50E2521B /* QtGui.framework */ = {isa = PBXFileReference; lastKnownFileType = wrapper.framework; name = QtGui.framework; path = "/opt/Qt-4.4.3/lib/QtGui.framework"; sourceTree = "<absolute>"; };
		408A0885527DDC466C41F10B /* moc_convertdialog.cpp */ = {isa = PBXFileReference; lastKnownFileType = sourcecode.cpp.cpp; path = moc_convertdialog.cpp; sourceTree = "<group>"; };
		4340A90363EF6A5C8FB4B1C9 /* convertdialog.cpp */ = {isa = PBXFileReference; lastKnownFileType = sourcecode.cpp.cpp; path = convertdialog.cpp; sourceTree = "<group>"; };
		621FD05CEDFE2C53715C5DB1 /* seismic-unix.pro */ = {isa = PBXFileReference; lastKnownFileType = text; path = "seismic-unix.pro"; sourceTree = "<group>"; };
		81669B6683FD63306C08CDF1 /* QtCore.framework */ = {isa = PBXFileReference; lastKnownFileType = wrapper.framework; name = QtCore.framework; path = "/opt/Qt-4.4.3/lib/QtCore.framework"; sourceTree = "<absolute>"; };
		821416211D63F190AAAD016A /* AppKit.framework */ = {isa = PBXFileReference; lastKnownFileType = wrapper.framework; name = AppKit.framework; path = /System/Library/Frameworks/AppKit.framework; sourceTree = "<absolute>"; };
		A62778780EC9BA640021B017 /* seismic-unix.app */ = {isa = PBXFileReference; explicitFileType = wrapper.application; includeInIndex = 0; path = "seismic-unix.app"; sourceTree = BUILT_PRODUCTS_DIR; };
		B142C83DF5AC7A05C3DC6A8A /* convertdialog.h */ = {isa = PBXFileReference; lastKnownFileType = sourcecode.c.h; path = convertdialog.h; sourceTree = "<group>"; };
		DA138F75C9F545CDAE7FB264 /* Carbon.framework */ = {isa = PBXFileReference; lastKnownFileType = wrapper.framework; name = Carbon.framework; path = /System/Library/Frameworks/Carbon.framework; sourceTree = "<absolute>"; };
		E732392C50ABC26014EDD2B9 /* ui_convertdialog.h */ = {isa = PBXFileReference; lastKnownFileType = sourcecode.c.h; path = ui_convertdialog.h; sourceTree = "<group>"; };
		FCE056532A951C7D60CB6344 /* convertdialog.ui */ = {isa = PBXFileReference; lastKnownFileType = text; path = convertdialog.ui; sourceTree = "<group>"; };
/* End PBXFileReference section */

/* Begin PBXFrameworksBuildPhase section */
		2A1043669E6E5A7426EA502A /* Frameworks & Libraries */ = {
			isa = PBXFrameworksBuildPhase;
			buildActionMask = 2147483647;
			files = (
				E2733CF7B9D2723A34C04805 /* QtGui.framework in Frameworks & Libraries */,
				C8FD4A1AAA37CF2CA2824CCF /* Carbon.framework in Frameworks & Libraries */,
				51D4DBF7CB8537BE86EBD055 /* AppKit.framework in Frameworks & Libraries */,
				06019575AFE21538DFB6D00C /* QtCore.framework in Frameworks & Libraries */,
				F9E76E570E10AF14870553A7 /* ApplicationServices.framework in Frameworks & Libraries */,
			);
			name = "Frameworks & Libraries";
			runOnlyForDeploymentPostprocessing = 0;
		};
/* End PBXFrameworksBuildPhase section */

/* Begin PBXGroup section */
		05596AB53D8D521C69802C27 /* seismic-unix */ = {
			isa = PBXGroup;
			children = (
				FB61758D0F0FDA4BA867C3D5 /* Sources */,
				46E892BBB6BB6952967E0561 /* Temporary Sources */,
				883D7615C4D2DE3FA1218F12 /* Headers */,
				7CABE3C80E79AD2B307756D2 /* Sources [qmake] */,
				EEC299C65D5017EB9DD513B0 /* Sources [UIC] */,
				ED1E82605DD74B483AF3C982 /* External Frameworks and Libraries */,
				A62778790EC9BA640021B017 /* Products */,
			);
			name = "seismic-unix";
			sourceTree = "<group>";
		};
		46E892BBB6BB6952967E0561 /* Temporary Sources */ = {
			isa = PBXGroup;
			children = (
				408A0885527DDC466C41F10B /* moc_convertdialog.cpp */,
				E732392C50ABC26014EDD2B9 /* ui_convertdialog.h */,
			);
			name = "Temporary Sources";
			sourceTree = "<group>";
		};
		7CABE3C80E79AD2B307756D2 /* Sources [qmake] */ = {
			isa = PBXGroup;
			children = (
				621FD05CEDFE2C53715C5DB1 /* seismic-unix.pro */,
			);
			name = "Sources [qmake]";
			sourceTree = "<group>";
		};
		883D7615C4D2DE3FA1218F12 /* Headers */ = {
			isa = PBXGroup;
			children = (
				B142C83DF5AC7A05C3DC6A8A /* convertdialog.h */,
			);
			name = Headers;
			sourceTree = "<group>";
		};
		A62778790EC9BA640021B017 /* Products */ = {
			isa = PBXGroup;
			children = (
				A62778780EC9BA640021B017 /* seismic-unix.app */,
			);
			name = Products;
			sourceTree = "<group>";
		};
		ED1E82605DD74B483AF3C982 /* External Frameworks and Libraries */ = {
			isa = PBXGroup;
			children = (
				32C60D147BC8B54E50E2521B /* QtGui.framework */,
				DA138F75C9F545CDAE7FB264 /* Carbon.framework */,
				821416211D63F190AAAD016A /* AppKit.framework */,
				81669B6683FD63306C08CDF1 /* QtCore.framework */,
				27AE7A480FD6C52FCA80FECD /* ApplicationServices.framework */,
			);
			name = "External Frameworks and Libraries";
			sourceTree = "<group>";
		};
		EEC299C65D5017EB9DD513B0 /* Sources [UIC] */ = {
			isa = PBXGroup;
			children = (
				FCE056532A951C7D60CB6344 /* convertdialog.ui */,
			);
			name = "Sources [UIC]";
			sourceTree = "<group>";
		};
		FB61758D0F0FDA4BA867C3D5 /* Sources */ = {
			isa = PBXGroup;
			children = (
				4340A90363EF6A5C8FB4B1C9 /* convertdialog.cpp */,
				118FCBAABA162BA17933C789 /* main.cpp */,
			);
			name = Sources;
			sourceTree = "<group>";
		};
/* End PBXGroup section */

/* Begin PBXNativeTarget section */
		CC852FDB072F4512278507EF /* seismic-unix */ = {
			isa = PBXNativeTarget;
			buildConfigurationList = A627789B0EC9BA7C0021B017 /* Build configuration list for PBXNativeTarget "seismic-unix" */;
			buildPhases = (
				D7BA7D76DAB5DD13389D6332 /* Qt Qmake */,
				A0A52A2ADF7A1E2A99738674 /* Qt Preprocessors */,
				F6069D5A5DA8AA28EDB8B3C6 /* Project Copy */,
				C29B8785722055ED95EF7B57 /* Build Sources */,
				2A1043669E6E5A7426EA502A /* Frameworks & Libraries */,
				3787F99312C85FF0073FD7BA /* Bundle Resources */,
			);
			buildRules = (
			);
			dependencies = (
			);
			name = "seismic-unix";
			productName = "seismic-unix";
			productReference = A62778780EC9BA640021B017 /* seismic-unix.app */;
			productType = "com.apple.product-type.application";
		};
/* End PBXNativeTarget section */

/* Begin PBXProject section */
		91B15E841AA80083484172DE /* Project object */ = {
			isa = PBXProject;
			buildConfigurationList = 2A951308CDB28F104D0A4BD2 /* Build configuration list for PBXProject "seismic-unix" */;
			compatibilityVersion = "Xcode 2.4";
			hasScannedForEncodings = 1;
			mainGroup = 05596AB53D8D521C69802C27 /* seismic-unix */;
			productRefGroup = A62778790EC9BA640021B017 /* Products */;
			projectDirPath = "";
			projectRoot = "";
			targets = (
				CC852FDB072F4512278507EF /* seismic-unix */,
			);
		};
/* End PBXProject section */

/* Begin PBXResourcesBuildPhase section */
		3787F99312C85FF0073FD7BA /* Bundle Resources */ = {
			isa = PBXResourcesBuildPhase;
			buildActionMask = 2147483647;
			files = (
			);
			name = "Bundle Resources";
			runOnlyForDeploymentPostprocessing = 0;
		};
/* End PBXResourcesBuildPhase section */

/* Begin PBXShellScriptBuildPhase section */
		A0A52A2ADF7A1E2A99738674 /* Qt Preprocessors */ = {
			isa = PBXShellScriptBuildPhase;
			buildActionMask = 2147483647;
			files = (
			);
			name = "Qt Preprocessors";
			runOnlyForDeploymentPostprocessing = 0;
			shellPath = /bin/sh;
			shellScript = "make -C /Users/Naix/Documents/Projects/seismic-unix -f seismic-unix.xcodeproj/qt_preprocess.mak";
		};
		D7BA7D76DAB5DD13389D6332 /* Qt Qmake */ = {
			isa = PBXShellScriptBuildPhase;
			buildActionMask = 2147483647;
			files = (
			);
			name = "Qt Qmake";
			runOnlyForDeploymentPostprocessing = 0;
			shellPath = /bin/sh;
			shellScript = "make -C /Users/Naix/Documents/Projects/seismic-unix -f seismic-unix.xcodeproj/qt_makeqmake.mak";
		};
/* End PBXShellScriptBuildPhase section */

/* Begin PBXSourcesBuildPhase section */
		C29B8785722055ED95EF7B57 /* Build Sources */ = {
			isa = PBXSourcesBuildPhase;
			buildActionMask = 2147483647;
			files = (
				8F83B875C1940FB66A74307D /* convertdialog.cpp in Build Sources */,
				2B093CA6F071B023A473CED0 /* main.cpp in Build Sources */,
				2DA37EB387EAEE2A28B2ECEA /* moc_convertdialog.cpp in Build Sources */,
			);
			name = "Build Sources";
			runOnlyForDeploymentPostprocessing = 0;
		};
/* End PBXSourcesBuildPhase section */

/* Begin XCBuildConfiguration section */
		8DB1DD96F65B1BF1FFC506E0 /* Debug */ = {
			isa = XCBuildConfiguration;
			buildSettings = {
				COPY_PHASE_STRIP = NO;
				GCC_GENERATE_DEBUGGING_SYMBOLS = YES;
				GCC_OPTIMIZATION_LEVEL = 0;
			};
			name = Debug;
		};
		95E1EB2E5DDD587BE5B3E548 /* Release */ = {
			isa = XCBuildConfiguration;
			buildSettings = {
				COPY_PHASE_STRIP = YES;
				GCC_GENERATE_DEBUGGING_SYMBOLS = NO;
			};
			name = Release;
		};
		A627788A0EC9BA650021B017 /* Debug */ = {
			isa = XCBuildConfiguration;
			buildSettings = {
				BUILD_ROOT = "/Users/Naix/Documents/Projects/seismic-unix";
				COPY_PHASE_STRIP = NO;
				DYLIB_COMPATIBILITY_VERSION = 1.0;
				DYLIB_CURRENT_VERSION = 1.0.0;
				GCC_GENERATE_DEBUGGING_SYMBOLS = YES;
				GCC_OPTIMIZATION_LEVEL = 0;
				HEADER_SEARCH_PATHS = (
					"/opt/Qt-4.4.3/lib/QtCore.framework/Versions/4/Headers",
					"/opt/Qt-4.4.3/include/QtCore",
					"/opt/Qt-4.4.3/include/QtCore",
					"/opt/Qt-4.4.3/lib/QtGui.framework/Versions/4/Headers",
					"/opt/Qt-4.4.3/include/QtGui",
					"/opt/Qt-4.4.3/include/QtGui",
					"/opt/Qt-4.4.3/include",
					.,
					.,
					.,
					/usr/local/include,
					/System/Library/Frameworks/CarbonCore.framework/Headers,
					"/opt/Qt-4.4.3/mkspecs/macx-xcode",
				);
				INFOPLIST_FILE = Info.plist;
				LEXFLAGS = "";
				LIBRARY_SEARCH_PATHS = (
					"/opt/Qt-4.4.3/lib",
					"/opt/Qt-4.4.3/lib",
					/System/Library/Frameworks/,
				);
				MACOSX_DEPLOYMENT_TARGET = 10.3;
				OTHER_CFLAGS = (
					"-pipe",
					"-g",
					"-Wall",
					"-W",
					"-DQT_GUI_LIB",
					"-DQT_CORE_LIB",
					"-DQT_SHARED",
				);
				OTHER_CPLUSPLUSFLAGS = (
					"-pipe",
					"-g",
					"-Wall",
					"-W",
					"-DQT_GUI_LIB",
					"-DQT_CORE_LIB",
					"-DQT_SHARED",
				);
				OTHER_LDFLAGS = (
					"-headerpad_max_install_names",
					"-L/opt/Qt-4.4.3/lib",
					"-F/opt/Qt-4.4.3/lib",
					"-L/opt/Qt-4.4.3/lib",
					"-F/opt/Qt-4.4.3/lib",
					"-lz",
					"-lm",
				);
				OTHER_REZFLAGS = "";
				PREBINDING = NO;
				PRODUCT_NAME = "seismic-unix";
				SECTORDER_FLAGS = "";
				WARNING_CFLAGS = "";
				YACCFLAGS = "-d";
			};
			name = Debug;
		};
		A627788B0EC9BA650021B017 /* Release */ = {
			isa = XCBuildConfiguration;
			buildSettings = {
				BUILD_ROOT = "/Users/Naix/Documents/Projects/seismic-unix";
				COPY_PHASE_STRIP = YES;
				DYLIB_COMPATIBILITY_VERSION = 1.0;
				DYLIB_CURRENT_VERSION = 1.0.0;
				GCC_GENERATE_DEBUGGING_SYMBOLS = NO;
				HEADER_SEARCH_PATHS = (
					"/opt/Qt-4.4.3/lib/QtCore.framework/Versions/4/Headers",
					"/opt/Qt-4.4.3/include/QtCore",
					"/opt/Qt-4.4.3/include/QtCore",
					"/opt/Qt-4.4.3/lib/QtGui.framework/Versions/4/Headers",
					"/opt/Qt-4.4.3/include/QtGui",
					"/opt/Qt-4.4.3/include/QtGui",
					"/opt/Qt-4.4.3/include",
					.,
					.,
					.,
					/usr/local/include,
					/System/Library/Frameworks/CarbonCore.framework/Headers,
					"/opt/Qt-4.4.3/mkspecs/macx-xcode",
				);
				INFOPLIST_FILE = Info.plist;
				LEXFLAGS = "";
				LIBRARY_SEARCH_PATHS = (
					"/opt/Qt-4.4.3/lib",
					"/opt/Qt-4.4.3/lib",
					/System/Library/Frameworks/,
				);
				MACOSX_DEPLOYMENT_TARGET = 10.3;
				OTHER_CFLAGS = (
					"-pipe",
					"-g",
					"-Wall",
					"-W",
					"-DQT_GUI_LIB",
					"-DQT_CORE_LIB",
					"-DQT_SHARED",
				);
				OTHER_CPLUSPLUSFLAGS = (
					"-pipe",
					"-g",
					"-Wall",
					"-W",
					"-DQT_GUI_LIB",
					"-DQT_CORE_LIB",
					"-DQT_SHARED",
				);
				OTHER_LDFLAGS = (
					"-headerpad_max_install_names",
					"-L/opt/Qt-4.4.3/lib",
					"-F/opt/Qt-4.4.3/lib",
					"-L/opt/Qt-4.4.3/lib",
					"-F/opt/Qt-4.4.3/lib",
					"-lz",
					"-lm",
				);
				OTHER_REZFLAGS = "";
				PREBINDING = NO;
				PRODUCT_NAME = "seismic-unix";
				SECTORDER_FLAGS = "";
				WARNING_CFLAGS = "";
				YACCFLAGS = "-d";
			};
			name = Release;
		};
		A627788C0EC9BA650021B017 /* Default */ = {
			isa = XCBuildConfiguration;
			buildSettings = {
				BUILD_ROOT = "/Users/Naix/Documents/Projects/seismic-unix";
				DYLIB_COMPATIBILITY_VERSION = 1.0;
				DYLIB_CURRENT_VERSION = 1.0.0;
				HEADER_SEARCH_PATHS = (
					"/opt/Qt-4.4.3/lib/QtCore.framework/Versions/4/Headers",
					"/opt/Qt-4.4.3/include/QtCore",
					"/opt/Qt-4.4.3/include/QtCore",
					"/opt/Qt-4.4.3/lib/QtGui.framework/Versions/4/Headers",
					"/opt/Qt-4.4.3/include/QtGui",
					"/opt/Qt-4.4.3/include/QtGui",
					"/opt/Qt-4.4.3/include",
					.,
					.,
					.,
					/usr/local/include,
					/System/Library/Frameworks/CarbonCore.framework/Headers,
					"/opt/Qt-4.4.3/mkspecs/macx-xcode",
				);
				INFOPLIST_FILE = Info.plist;
				LEXFLAGS = "";
				LIBRARY_SEARCH_PATHS = (
					"/opt/Qt-4.4.3/lib",
					"/opt/Qt-4.4.3/lib",
					/System/Library/Frameworks/,
				);
				MACOSX_DEPLOYMENT_TARGET = 10.3;
				OTHER_CFLAGS = (
					"-pipe",
					"-g",
					"-Wall",
					"-W",
					"-DQT_GUI_LIB",
					"-DQT_CORE_LIB",
					"-DQT_SHARED",
				);
				OTHER_CPLUSPLUSFLAGS = (
					"-pipe",
					"-g",
					"-Wall",
					"-W",
					"-DQT_GUI_LIB",
					"-DQT_CORE_LIB",
					"-DQT_SHARED",
				);
				OTHER_LDFLAGS = (
					"-headerpad_max_install_names",
					"-L/opt/Qt-4.4.3/lib",
					"-F/opt/Qt-4.4.3/lib",
					"-L/opt/Qt-4.4.3/lib",
					"-F/opt/Qt-4.4.3/lib",
					"-lz",
					"-lm",
				);
				OTHER_REZFLAGS = "";
				PREBINDING = NO;
				PRODUCT_NAME = "seismic-unix";
				SECTORDER_FLAGS = "";
				WARNING_CFLAGS = "";
				YACCFLAGS = "-d";
			};
			name = Default;
		};
/* End XCBuildConfiguration section */

/* Begin XCConfigurationList section */
		2A951308CDB28F104D0A4BD2 /* Build configuration list for PBXProject "seismic-unix" */ = {
			isa = XCConfigurationList;
			buildConfigurations = (
				8DB1DD96F65B1BF1FFC506E0 /* Debug */,
				95E1EB2E5DDD587BE5B3E548 /* Release */,
			);
			defaultConfigurationIsVisible = 0;
			defaultConfigurationName = Release;
		};
		A627789B0EC9BA7C0021B017 /* Build configuration list for PBXNativeTarget "seismic-unix" */ = {
			isa = XCConfigurationList;
			buildConfigurations = (
				A627788A0EC9BA650021B017 /* Debug */,
				A627788B0EC9BA650021B017 /* Release */,
				A627788C0EC9BA650021B017 /* Default */,
			);
			defaultConfigurationIsVisible = 0;
			defaultConfigurationName = Default;
		};
/* End XCConfigurationList section */
	};
	rootObject = 91B15E841AA80083484172DE /* Project object */;
}
